
Microsoft Visual Studio Solution File, Format Version 12.00
# Visual Studio Version 17
VisualStudioVersion = 17.12.35707.178 d17.12
MinimumVisualStudioVersion = 10.0.40219.1
Project("{FAE04EC0-301F-11D3-BF4B-00C04F79EFBC}") = "Guessing_Game", "Guessing_Game.csproj", "{FEAE8A51-60D6-447A-A6E9-E7847486A7A0}"
EndProject
Global
	GlobalSection(SolutionConfigurationPlatforms) = preSolution
		Debug|Any CPU = Debug|Any CPU
		Release|Any CPU = Release|Any CPU
	EndGlobalSection
	GlobalSection(ProjectConfigurationPlatforms) = postSolution
		{FEAE8A51-60D6-447A-A6E9-E7847486A7A0}.Debug|Any CPU.ActiveCfg = Debug|Any CPU
		{FEAE8A51-60D6-447A-A6E9-E7847486A7A0}.Debug|Any CPU.Build.0 = Debug|Any CPU
		{FEAE8A51-60D6-447A-A6E9-E7847486A7A0}.Release|Any CPU.ActiveCfg = Release|Any CPU
		{FEAE8A51-60D6-447A-A6E9-E7847486A7A0}.Release|Any CPU.Build.0 = Release|Any CPU
	EndGlobalSection
	GlobalSection(SolutionProperties) = preSolution
		HideSolutionNode = FALSE
	EndGlobalSection
EndGlobal
